// !$*UTF8*$!
{
	archiveVersion = 1;
	classes = {
	};
	objectVersion = 46;
	objects = {

/* Begin PBXBuildFile section */
		B1EFA44E19EDA77500A3AD2A /* AppDelegate.swift in Sources */ = {isa = PBXBuildFile; fileRef = B1EFA44D19EDA77500A3AD2A /* AppDelegate.swift */; };
		B1EFA45019EDA77500A3AD2A /* ViewController.swift in Sources */ = {isa = PBXBuildFile; fileRef = B1EFA44F19EDA77500A3AD2A /* ViewController.swift */; };
		B1EFA45319EDA77500A3AD2A /* Main.storyboard in Resources */ = {isa = PBXBuildFile; fileRef = B1EFA45119EDA77500A3AD2A /* Main.storyboard */; };
		B1EFA45519EDA77500A3AD2A /* Images.xcassets in Resources */ = {isa = PBXBuildFile; fileRef = B1EFA45419EDA77500A3AD2A /* Images.xcassets */; };
		B1EFA45819EDA77500A3AD2A /* LaunchScreen.xib in Resources */ = {isa = PBXBuildFile; fileRef = B1EFA45619EDA77500A3AD2A /* LaunchScreen.xib */; };
		B1EFA46419EDA77500A3AD2A /* musicTests.swift in Sources */ = {isa = PBXBuildFile; fileRef = B1EFA46319EDA77500A3AD2A /* musicTests.swift */; };
		B1EFA46E19EDA78200A3AD2A /* AVFoundation.framework in Frameworks */ = {isa = PBXBuildFile; fileRef = B1EFA46D19EDA78200A3AD2A /* AVFoundation.framework */; };
		B1FB808A19EDC527007C8B4E /* dragonball_z.mp3 in Resources */ = {isa = PBXBuildFile; fileRef = B1FB808919EDC527007C8B4E /* dragonball_z.mp3 */; };
/* End PBXBuildFile section */

/* Begin PBXContainerItemProxy section */
		B1EFA45E19EDA77500A3AD2A /* PBXContainerItemProxy */ = {
			isa = PBXContainerItemProxy;
			containerPortal = B1EFA44019EDA77400A3AD2A /* Project object */;
			proxyType = 1;
			remoteGlobalIDString = B1EFA44719EDA77400A3AD2A;
			remoteInfo = music;
		};
/* End PBXContainerItemProxy section */

/* Begin PBXFileReference section */
		B1EFA44819EDA77500A3AD2A /* music.app */ = {isa = PBXFileReference; explicitFileType = wrapper.application; includeInIndex = 0; path = music.app; sourceTree = BUILT_PRODUCTS_DIR; };
		B1EFA44C19EDA77500A3AD2A /* Info.plist */ = {isa = PBXFileReference; lastKnownFileType = text.plist.xml; path = Info.plist; sourceTree = "<group>"; };
		B1EFA44D19EDA77500A3AD2A /* AppDelegate.swift */ = {isa = PBXFileReference; lastKnownFileType = sourcecode.swift; path = AppDelegate.swift; sourceTree = "<group>"; };
		B1EFA44F19EDA77500A3AD2A /* ViewController.swift */ = {isa = PBXFileReference; lastKnownFileType = sourcecode.swift; path = ViewController.swift; sourceTree = "<group>"; };
		B1EFA45219EDA77500A3AD2A /* Base */ = {isa = PBXFileReference; lastKnownFileType = file.storyboard; name = Base; path = Base.lproj/Main.storyboard; sourceTree = "<group>"; };
		B1EFA45419EDA77500A3AD2A /* Images.xcassets */ = {isa = PBXFileReference; lastKnownFileType = folder.assetcatalog; path = Images.xcassets; sourceTree = "<group>"; };
		B1EFA45719EDA77500A3AD2A /* Base */ = {isa = PBXFileReference; lastKnownFileType = file.xib; name = Base; path = Base.lproj/LaunchScreen.xib; sourceTree = "<group>"; };
		B1EFA45D19EDA77500A3AD2A /* musicTests.xctest */ = {isa = PBXFileReference; explicitFileType = wrapper.cfbundle; includeInIndex = 0; path = musicTests.xctest; sourceTree = BUILT_PRODUCTS_DIR; };
		B1EFA46219EDA77500A3AD2A /* Info.plist */ = {isa = PBXFileReference; lastKnownFileType = text.plist.xml; path = Info.plist; sourceTree = "<group>"; };
		B1EFA46319EDA77500A3AD2A /* musicTests.swift */ = {isa = PBXFileReference; lastKnownFileType = sourcecode.swift; path = musicTests.swift; sourceTree = "<group>"; };
		B1EFA46D19EDA78200A3AD2A /* AVFoundation.framework */ = {isa = PBXFileReference; lastKnownFileType = wrapper.framework; name = AVFoundation.framework; path = System/Library/Frameworks/AVFoundation.framework; sourceTree = SDKROOT; };
		B1FB808919EDC527007C8B4E /* dragonball_z.mp3 */ = {isa = PBXFileReference; lastKnownFileType = audio.mp3; name = dragonball_z.mp3; path = ../../../../../../Downloads/dragonball_z.mp3; sourceTree = "<group>"; };
/* End PBXFileReference section */

/* Begin PBXFrameworksBuildPhase section */
		B1EFA44519EDA77400A3AD2A /* Frameworks */ = {
			isa = PBXFrameworksBuildPhase;
			buildActionMask = 2147483647;
			files = (
				B1EFA46E19EDA78200A3AD2A /* AVFoundation.framework in Frameworks */,
			);
			runOnlyForDeploymentPostprocessing = 0;
		};
		B1EFA45A19EDA77500A3AD2A /* Frameworks */ = {
			isa = PBXFrameworksBuildPhase;
			buildActionMask = 2147483647;
			files = (
			);
			runOnlyForDeploymentPostprocessing = 0;
		};
/* End PBXFrameworksBuildPhase section */

/* Begin PBXGroup section */
		B1EFA43F19EDA77400A3AD2A = {
			isa = PBXGroup;
			children = (
				B1EFA46D19EDA78200A3AD2A /* AVFoundation.framework */,
				B1EFA44A19EDA77500A3AD2A /* music */,
				B1EFA46019EDA77500A3AD2A /* musicTests */,
				B1EFA44919EDA77500A3AD2A /* Products */,
			);
			sourceTree = "<group>";
		};
		B1EFA44919EDA77500A3AD2A /* Products */ = {
			isa = PBXGroup;
			children = (
				B1EFA44819EDA77500A3AD2A /* music.app */,
				B1EFA45D19EDA77500A3AD2A /* musicTests.xctest */,
			);
			name = Products;
			sourceTree = "<group>";
		};
		B1EFA44A19EDA77500A3AD2A /* music */ = {
			isa = PBXGroup;
			children = (
				B1EFA44D19EDA77500A3AD2A /* AppDelegate.swift */,
				B1EFA44F19EDA77500A3AD2A /* ViewController.swift */,
				B1EFA45119EDA77500A3AD2A /* Main.storyboard */,
				B1EFA45419EDA77500A3AD2A /* Images.xcassets */,
				B1FB808919EDC527007C8B4E /* dragonball_z.mp3 */,
				B1EFA45619EDA77500A3AD2A /* LaunchScreen.xib */,
				B1EFA44B19EDA77500A3AD2A /* Supporting Files */,
			);
			path = music;
			sourceTree = "<group>";
		};
		B1EFA44B19EDA77500A3AD2A /* Supporting Files */ = {
			isa = PBXGroup;
			children = (
				B1EFA44C19EDA77500A3AD2A /* Info.plist */,
			);
			name = "Supporting Files";
			sourceTree = "<group>";
		};
		B1EFA46019EDA77500A3AD2A /* musicTests */ = {
			isa = PBXGroup;
			children = (
				B1EFA46319EDA77500A3AD2A /* musicTests.swift */,
				B1EFA46119EDA77500A3AD2A /* Supporting Files */,
			);
			path = musicTests;
			sourceTree = "<group>";
		};
		B1EFA46119EDA77500A3AD2A /* Supporting Files */ = {
			isa = PBXGroup;
			children = (
				B1EFA46219EDA77500A3AD2A /* Info.plist */,
			);
			name = "Supporting Files";
			sourceTree = "<group>";
		};
/* End PBXGroup section */

/* Begin PBXNativeTarget section */
		B1EFA44719EDA77400A3AD2A /* music */ = {
			isa = PBXNativeTarget;
			buildConfigurationList = B1EFA46719EDA77500A3AD2A /* Build configuration list for PBXNativeTarget "music" */;
			buildPhases = (
				B1EFA44419EDA77400A3AD2A /* Sources */,
				B1EFA44519EDA77400A3AD2A /* Frameworks */,
				B1EFA44619EDA77400A3AD2A /* Resources */,
			);
			buildRules = (
			);
			dependencies = (
			);
			name = music;
			productName = music;
			productReference = B1EFA44819EDA77500A3AD2A /* music.app */;
			productType = "com.apple.product-type.application";
		};
		B1EFA45C19EDA77500A3AD2A /* musicTests */ = {
			isa = PBXNativeTarget;
			buildConfigurationList = B1EFA46A19EDA77500A3AD2A /* Build configuration list for PBXNativeTarget "musicTests" */;
			buildPhases = (
				B1EFA45919EDA77500A3AD2A /* Sources */,
				B1EFA45A19EDA77500A3AD2A /* Frameworks */,
				B1EFA45B19EDA77500A3AD2A /* Resources */,
			);
			buildRules = (
			);
			dependencies = (
				B1EFA45F19EDA77500A3AD2A /* PBXTargetDependency */,
			);
			name = musicTests;
			productName = musicTests;
			productReference = B1EFA45D19EDA77500A3AD2A /* musicTests.xctest */;
			productType = "com.apple.product-type.bundle.unit-test";
		};
/* End PBXNativeTarget section */

/* Begin PBXProject section */
		B1EFA44019EDA77400A3AD2A /* Project object */ = {
			isa = PBXProject;
			attributes = {
				LastUpgradeCheck = 0600;
				ORGANIZATIONNAME = "Chris Snyder";
				TargetAttributes = {
					B1EFA44719EDA77400A3AD2A = {
						CreatedOnToolsVersion = 6.0.1;
					};
					B1EFA45C19EDA77500A3AD2A = {
						CreatedOnToolsVersion = 6.0.1;
						TestTargetID = B1EFA44719EDA77400A3AD2A;
					};
				};
			};
			buildConfigurationList = B1EFA44319EDA77400A3AD2A /* Build configuration list for PBXProject "music" */;
			compatibilityVersion = "Xcode 3.2";
			developmentRegion = English;
			hasScannedForEncodings = 0;
			knownRegions = (
				en,
				Base,
			);
			mainGroup = B1EFA43F19EDA77400A3AD2A;
			productRefGroup = B1EFA44919EDA77500A3AD2A /* Products */;
			projectDirPath = "";
			projectRoot = "";
			targets = (
				B1EFA44719EDA77400A3AD2A /* music */,
				B1EFA45C19EDA77500A3AD2A /* musicTests */,
			);
		};
/* End PBXProject section */

/* Begin PBXResourcesBuildPhase section */
		B1EFA44619EDA77400A3AD2A /* Resources */ = {
			isa = PBXResourcesBuildPhase;
			buildActionMask = 2147483647;
			files = (
				B1EFA45319EDA77500A3AD2A /* Main.storyboard in Resources */,
				B1FB808A19EDC527007C8B4E /* dragonball_z.mp3 in Resources */,
				B1EFA45819EDA77500A3AD2A /* LaunchScreen.xib in Resources */,
				B1EFA45519EDA77500A3AD2A /* Images.xcassets in Resources */,
			);
			runOnlyForDeploymentPostprocessing = 0;
		};
		B1EFA45B19EDA77500A3AD2A /* Resources */ = {
			isa = PBXResourcesBuildPhase;
			buildActionMask = 2147483647;
			files = (
			);
			runOnlyForDeploymentPostprocessing = 0;
		};
/* End PBXResourcesBuildPhase section */

/* Begin PBXSourcesBuildPhase section */
		B1EFA44419EDA77400A3AD2A /* Sources */ = {
			isa = PBXSourcesBuildPhase;
			buildActionMask = 2147483647;
			files = (
				B1EFA45019EDA77500A3AD2A /* ViewController.swift in Sources */,
				B1EFA44E19EDA77500A3AD2A /* AppDelegate.swift in Sources */,
			);
			runOnlyForDeploymentPostprocessing = 0;
		};
		B1EFA45919EDA77500A3AD2A /* Sources */ = {
			isa = PBXSourcesBuildPhase;
			buildActionMask = 2147483647;
			files = (
				B1EFA46419EDA77500A3AD2A /* musicTests.swift in Sources */,
			);
			runOnlyForDeploymentPostprocessing = 0;
		};
/* End PBXSourcesBuildPhase section */

/* Begin PBXTargetDependency section */
		B1EFA45F19EDA77500A3AD2A /* PBXTargetDependency */ = {
			isa = PBXTargetDependency;
			target = B1EFA44719EDA77400A3AD2A /* music */;
			targetProxy = B1EFA45E19EDA77500A3AD2A /* PBXContainerItemProxy */;
		};
/* End PBXTargetDependency section */

/* Begin PBXVariantGroup section */
		B1EFA45119EDA77500A3AD2A /* Main.storyboard */ = {
			isa = PBXVariantGroup;
			children = (
				B1EFA45219EDA77500A3AD2A /* Base */,
			);
			name = Main.storyboard;
			sourceTree = "<group>";
		};
		B1EFA45619EDA77500A3AD2A /* LaunchScreen.xib */ = {
			isa = PBXVariantGroup;
			children = (
				B1EFA45719EDA77500A3AD2A /* Base */,
			);
			name = LaunchScreen.xib;
			sourceTree = "<group>";
		};
/* End PBXVariantGroup section */

/* Begin XCBuildConfiguration section */
		B1EFA46519EDA77500A3AD2A /* Debug */ = {
			isa = XCBuildConfiguration;
			buildSettings = {
				ALWAYS_SEARCH_USER_PATHS = NO;
				CLANG_CXX_LANGUAGE_STANDARD = "gnu++0x";
				CLANG_CXX_LIBRARY = "libc++";
				CLANG_ENABLE_MODULES = YES;
				CLANG_ENABLE_OBJC_ARC = YES;
				CLANG_WARN_BOOL_CONVERSION = YES;
				CLANG_WARN_CONSTANT_CONVERSION = YES;
				CLANG_WARN_DIRECT_OBJC_ISA_USAGE = YES_ERROR;
				CLANG_WARN_EMPTY_BODY = YES;
				CLANG_WARN_ENUM_CONVERSION = YES;
				CLANG_WARN_INT_CONVERSION = YES;
				CLANG_WARN_OBJC_ROOT_CLASS = YES_ERROR;
				CLANG_WARN_UNREACHABLE_CODE = YES;
				CLANG_WARN__DUPLICATE_METHOD_MATCH = YES;
				"CODE_SIGN_IDENTITY[sdk=iphoneos*]" = "iPhone Developer";
				COPY_PHASE_STRIP = NO;
				ENABLE_STRICT_OBJC_MSGSEND = YES;
				GCC_C_LANGUAGE_STANDARD = gnu99;
				GCC_DYNAMIC_NO_PIC = NO;
				GCC_OPTIMIZATION_LEVEL = 0;
				GCC_PREPROCESSOR_DEFINITIONS = (
					"DEBUG=1",
					"$(inherited)",
				);
				GCC_SYMBOLS_PRIVATE_EXTERN = NO;
				GCC_WARN_64_TO_32_BIT_CONVERSION = YES;
				GCC_WARN_ABOUT_RETURN_TYPE = YES_ERROR;
				GCC_WARN_UNDECLARED_SELECTOR = YES;
				GCC_WARN_UNINITIALIZED_AUTOS = YES_AGGRESSIVE;
				GCC_WARN_UNUSED_FUNCTION = YES;
				GCC_WARN_UNUSED_VARIABLE = YES;
				IPHONEOS_DEPLOYMENT_TARGET = 8.0;
				MTL_ENABLE_DEBUG_INFO = YES;
				ONLY_ACTIVE_ARCH = YES;
				SDKROOT = iphoneos;
				SWIFT_OPTIMIZATION_LEVEL = "-Onone";
			};
			name = Debug;
		};
		B1EFA46619EDA77500A3AD2A /* Release */ = {
			isa = XCBuildConfiguration;
			buildSettings = {
				ALWAYS_SEARCH_USER_PATHS = NO;
				CLANG_CXX_LANGUAGE_STANDARD = "gnu++0x";
				CLANG_CXX_LIBRARY = "libc++";
				CLANG_ENABLE_MODULES = YES;
				CLANG_ENABLE_OBJC_ARC = YES;
				CLANG_WARN_BOOL_CONVERSION = YES;
				CLANG_WARN_CONSTANT_CONVERSION = YES;
				CLANG_WARN_DIRECT_OBJC_ISA_USAGE = YES_ERROR;
				CLANG_WARN_EMPTY_BODY = YES;
				CLANG_WARN_ENUM_CONVERSION = YES;
				CLANG_WARN_INT_CONVERSION = YES;
				CLANG_WARN_OBJC_ROOT_CLASS = YES_ERROR;
				CLANG_WARN_UNREACHABLE_CODE = YES;
				CLANG_WARN__DUPLICATE_METHOD_MATCH = YES;
				"CODE_SIGN_IDENTITY[sdk=iphoneos*]" = "iPhone Developer";
				COPY_PHASE_STRIP = YES;
				ENABLE_NS_ASSERTIONS = NO;
				ENABLE_STRICT_OBJC_MSGSEND = YES;
				GCC_C_LANGUAGE_STANDARD = gnu99;
				GCC_WARN_64_TO_32_BIT_CONVERSION = YES;
				GCC_WARN_ABOUT_RETURN_TYPE = YES_ERROR;
				GCC_WARN_UNDECLARED_SELECTOR = YES;
				GCC_WARN_UNINITIALIZED_AUTOS = YES_AGGRESSIVE;
				GCC_WARN_UNUSED_FUNCTION = YES;
				GCC_WARN_UNUSED_VARIABLE = YES;
				IPHONEOS_DEPLOYMENT_TARGET = 8.0;
				MTL_ENABLE_DEBUG_INFO = NO;
				SDKROOT = iphoneos;
				VALIDATE_PRODUCT = YES;
			};
			name = Release;
		};
		B1EFA46819EDA77500A3AD2A /* Debug */ = {
			isa = XCBuildConfiguration;
			buildSettings = {
				ASSETCATALOG_COMPILER_APPICON_NAME = AppIcon;
				INFOPLIST_FILE = music/Info.plist;
				LD_RUNPATH_SEARCH_PATHS = "$(inherited) @executable_path/Frameworks";
				PRODUCT_NAME = "$(TARGET_NAME)";
			};
			name = Debug;
		};
		B1EFA46919EDA77500A3AD2A /* Release */ = {
			isa = XCBuildConfiguration;
			buildSettings = {
				ASSETCATALOG_COMPILER_APPICON_NAME = AppIcon;
				INFOPLIST_FILE = music/Info.plist;
				LD_RUNPATH_SEARCH_PATHS = "$(inherited) @executable_path/Frameworks";
				PRODUCT_NAME = "$(TARGET_NAME)";
			};
			name = Release;
		};
		B1EFA46B19EDA77500A3AD2A /* Debug */ = {
			isa = XCBuildConfiguration;
			buildSettings = {
				BUNDLE_LOADER = "$(TEST_HOST)";
				FRAMEWORK_SEARCH_PATHS = (
					"$(SDKROOT)/Developer/Library/Frameworks",
					"$(inherited)",
				);
				GCC_PREPROCESSOR_DEFINITIONS = (
					"DEBUG=1",
					"$(inherited)",
				);
				INFOPLIST_FILE = musicTests/Info.plist;
				LD_RUNPATH_SEARCH_PATHS = "$(inherited) @executable_path/Frameworks @loader_path/Frameworks";
				PRODUCT_NAME = "$(TARGET_NAME)";
				TEST_HOST = "$(BUILT_PRODUCTS_DIR)/music.app/music";
			};
			name = Debug;
		};
		B1EFA46C19EDA77500A3AD2A /* Release */ = {
			isa = XCBuildConfiguration;
			buildSettings = {
				BUNDLE_LOADER = "$(TEST_HOST)";
				FRAMEWORK_SEARCH_PATHS = (
					"$(SDKROOT)/Developer/Library/Frameworks",
					"$(inherited)",
				);
				INFOPLIST_FILE = musicTests/Info.plist;
				LD_RUNPATH_SEARCH_PATHS = "$(inherited) @executable_path/Frameworks @loader_path/Frameworks";
				PRODUCT_NAME = "$(TARGET_NAME)";
				TEST_HOST = "$(BUILT_PRODUCTS_DIR)/music.app/music";
			};
			name = Release;
		};
/* End XCBuildConfiguration section */

/* Begin XCConfigurationList section */
		B1EFA44319EDA77400A3AD2A /* Build configuration list for PBXProject "music" */ = {
			isa = XCConfigurationList;
			buildConfigurations = (
				B1EFA46519EDA77500A3AD2A /* Debug */,
				B1EFA46619EDA77500A3AD2A /* Release */,
			);
			defaultConfigurationIsVisible = 0;
			defaultConfigurationName = Release;
		};
		B1EFA46719EDA77500A3AD2A /* Build configuration list for PBXNativeTarget "music" */ = {
			isa = XCConfigurationList;
			buildConfigurations = (
				B1EFA46819EDA77500A3AD2A /* Debug */,
				B1EFA46919EDA77500A3AD2A /* Release */,
			);
			defaultConfigurationIsVisible = 0;
			defaultConfigurationName = Release;
		};
		B1EFA46A19EDA77500A3AD2A /* Build configuration list for PBXNativeTarget "musicTests" */ = {
			isa = XCConfigurationList;
			buildConfigurations = (
				B1EFA46B19EDA77500A3AD2A /* Debug */,
				B1EFA46C19EDA77500A3AD2A /* Release */,
			);
			defaultConfigurationIsVisible = 0;
			defaultConfigurationName = Release;
		};
/* End XCConfigurationList section */
	};
	rootObject = B1EFA44019EDA77400A3AD2A /* Project object */;
}
